
Microsoft Visual Studio Solution File, Format Version 12.00
# Visual Studio Version 17
VisualStudioVersion = 17.4.33122.133
MinimumVisualStudioVersion = 10.0.40219.1
Project("{FAE04EC0-301F-11D3-BF4B-00C04F79EFBC}") = "KaladynskayaDaryaCSharp", "KaladynskayaDaryaCSharp\KaladynskayaDaryaCSharp.csproj", "{50439C5C-42B5-44E4-AA14-71450D9DA090}"
EndProject
Global
	GlobalSection(SolutionConfigurationPlatforms) = preSolution
		Debug|Any CPU = Debug|Any CPU
		Release|Any CPU = Release|Any CPU
	EndGlobalSection
	GlobalSection(ProjectConfigurationPlatforms) = postSolution
		{50439C5C-42B5-44E4-AA14-71450D9DA090}.Debug|Any CPU.ActiveCfg = Debug|Any CPU
		{50439C5C-42B5-44E4-AA14-71450D9DA090}.Debug|Any CPU.Build.0 = Debug|Any CPU
		{50439C5C-42B5-44E4-AA14-71450D9DA090}.Release|Any CPU.ActiveCfg = Release|Any CPU
		{50439C5C-42B5-44E4-AA14-71450D9DA090}.Release|Any CPU.Build.0 = Release|Any CPU
	EndGlobalSection
	GlobalSection(SolutionProperties) = preSolution
		HideSolutionNode = FALSE
	EndGlobalSection
	GlobalSection(ExtensibilityGlobals) = postSolution
		SolutionGuid = {3F7AFEED-4813-4895-B1F6-4C0E6999EC1D}
	EndGlobalSection
EndGlobal
